
Microsoft Visual Studio Solution File, Format Version 12.00
# Visual Studio Version 16
VisualStudioVersion = 16.0.31112.23
MinimumVisualStudioVersion = 10.0.40219.1
Project("{FAE04EC0-301F-11D3-BF4B-00C04F79EFBC}") = "exercis4", "exercis4.csproj", "{FC32989A-8ECE-4742-9CA6-C3EF236E5964}"
EndProject
Global
	GlobalSection(SolutionConfigurationPlatforms) = preSolution
		Debug|Any CPU = Debug|Any CPU
		Release|Any CPU = Release|Any CPU
	EndGlobalSection
	GlobalSection(ProjectConfigurationPlatforms) = postSolution
		{FC32989A-8ECE-4742-9CA6-C3EF236E5964}.Debug|Any CPU.ActiveCfg = Debug|Any CPU
		{FC32989A-8ECE-4742-9CA6-C3EF236E5964}.Debug|Any CPU.Build.0 = Debug|Any CPU
		{FC32989A-8ECE-4742-9CA6-C3EF236E5964}.Release|Any CPU.ActiveCfg = Release|Any CPU
		{FC32989A-8ECE-4742-9CA6-C3EF236E5964}.Release|Any CPU.Build.0 = Release|Any CPU
	EndGlobalSection
	GlobalSection(SolutionProperties) = preSolution
		HideSolutionNode = FALSE
	EndGlobalSection
	GlobalSection(ExtensibilityGlobals) = postSolution
		SolutionGuid = {B93E657A-163D-401C-A863-6B8A869DEB3F}
	EndGlobalSection
EndGlobal
